PODS:
  - ReactiveCocoa (2.1.4):
    - ReactiveCocoa/Core (= 2.1.4)
    - ReactiveCocoa/no-arc (= 2.1.4)
  - ReactiveCocoa/Core (2.1.4):
    - ReactiveCocoa/no-arc
  - ReactiveCocoa/no-arc (2.1.4)

DEPENDENCIES:
  - ReactiveCocoa (= 2.1.4)

SPEC REPOS:
  https://github.com/CocoaPods/Specs.git:
    - ReactiveCocoa

SPEC CHECKSUMS:
  ReactiveCocoa: 12072a1a4768b988f1f5a0a8c171c96bf021c2ff

PODFILE CHECKSUM: 22b5eb37bdadbaf9c42cd5fb2d3d584fa9550026

COCOAPODS: 1.5.0
